
Microsoft Visual Studio Solution File, Format Version 12.00
# Visual Studio Version 17
VisualStudioVersion = 17.5.33516.290
MinimumVisualStudioVersion = 10.0.40219.1
Project("{FAE04EC0-301F-11D3-BF4B-00C04F79EFBC}") = "LandmarkAI", "LandmarkAI\LandmarkAI.csproj", "{28103D21-5ADF-42C5-A2FF-C58F94C9B2AD}"
EndProject
Global
	GlobalSection(SolutionConfigurationPlatforms) = preSolution
		Debug|Any CPU = Debug|Any CPU
		Release|Any CPU = Release|Any CPU
	EndGlobalSection
	GlobalSection(ProjectConfigurationPlatforms) = postSolution
		{28103D21-5ADF-42C5-A2FF-C58F94C9B2AD}.Debug|Any CPU.ActiveCfg = Debug|Any CPU
		{28103D21-5ADF-42C5-A2FF-C58F94C9B2AD}.Debug|Any CPU.Build.0 = Debug|Any CPU
		{28103D21-5ADF-42C5-A2FF-C58F94C9B2AD}.Release|Any CPU.ActiveCfg = Release|Any CPU
		{28103D21-5ADF-42C5-A2FF-C58F94C9B2AD}.Release|Any CPU.Build.0 = Release|Any CPU
	EndGlobalSection
	GlobalSection(SolutionProperties) = preSolution
		HideSolutionNode = FALSE
	EndGlobalSection
	GlobalSection(ExtensibilityGlobals) = postSolution
		SolutionGuid = {A546E71B-7755-4BC2-8CC0-50C25F410775}
	EndGlobalSection
EndGlobal
